// !$*UTF8*$!
{
	archiveVersion = 1;
	classes = {
	};
	objectVersion = 50;
	objects = {

/* Begin PBXBuildFile section */
		FF339F6021885E26000255BF /* AppDelegate.swift in Sources */ = {isa = PBXBuildFile; fileRef = FF339F5F21885E26000255BF /* AppDelegate.swift */; };
		FF339F6521885E26000255BF /* Main.storyboard in Resources */ = {isa = PBXBuildFile; fileRef = FF339F6321885E26000255BF /* Main.storyboard */; };
		FF339F6721885E28000255BF /* Assets.xcassets in Resources */ = {isa = PBXBuildFile; fileRef = FF339F6621885E28000255BF /* Assets.xcassets */; };
		FF339F6A21885E28000255BF /* LaunchScreen.storyboard in Resources */ = {isa = PBXBuildFile; fileRef = FF339F6821885E28000255BF /* LaunchScreen.storyboard */; };
		FF339F7521885E28000255BF /* CassiniTests.swift in Sources */ = {isa = PBXBuildFile; fileRef = FF339F7421885E28000255BF /* CassiniTests.swift */; };
		FF339F8021885E28000255BF /* CassiniUITests.swift in Sources */ = {isa = PBXBuildFile; fileRef = FF339F7F21885E28000255BF /* CassiniUITests.swift */; };
		FFC2FD2A21885F11006785C7 /* ImageViewController.swift in Sources */ = {isa = PBXBuildFile; fileRef = FFC2FD2921885F11006785C7 /* ImageViewController.swift */; };
		FFC2FD2C21886265006785C7 /* DemoURL.swift in Sources */ = {isa = PBXBuildFile; fileRef = FFC2FD2B21886265006785C7 /* DemoURL.swift */; };
/* End PBXBuildFile section */

/* Begin PBXContainerItemProxy section */
		FF339F7121885E28000255BF /* PBXContainerItemProxy */ = {
			isa = PBXContainerItemProxy;
			containerPortal = FF339F5421885E26000255BF /* Project object */;
			proxyType = 1;
			remoteGlobalIDString = FF339F5B21885E26000255BF;
			remoteInfo = Cassini;
		};
		FF339F7C21885E28000255BF /* PBXContainerItemProxy */ = {
			isa = PBXContainerItemProxy;
			containerPortal = FF339F5421885E26000255BF /* Project object */;
			proxyType = 1;
			remoteGlobalIDString = FF339F5B21885E26000255BF;
			remoteInfo = Cassini;
		};
/* End PBXContainerItemProxy section */

/* Begin PBXFileReference section */
		FF339F5C21885E26000255BF /* Cassini.app */ = {isa = PBXFileReference; explicitFileType = wrapper.application; includeInIndex = 0; path = Cassini.app; sourceTree = BUILT_PRODUCTS_DIR; };
		FF339F5F21885E26000255BF /* AppDelegate.swift */ = {isa = PBXFileReference; lastKnownFileType = sourcecode.swift; path = AppDelegate.swift; sourceTree = "<group>"; };
		FF339F6421885E26000255BF /* Base */ = {isa = PBXFileReference; lastKnownFileType = file.storyboard; name = Base; path = Base.lproj/Main.storyboard; sourceTree = "<group>"; };
		FF339F6621885E28000255BF /* Assets.xcassets */ = {isa = PBXFileReference; lastKnownFileType = folder.assetcatalog; path = Assets.xcassets; sourceTree = "<group>"; };
		FF339F6921885E28000255BF /* Base */ = {isa = PBXFileReference; lastKnownFileType = file.storyboard; name = Base; path = Base.lproj/LaunchScreen.storyboard; sourceTree = "<group>"; };
		FF339F6B21885E28000255BF /* Info.plist */ = {isa = PBXFileReference; lastKnownFileType = text.plist.xml; path = Info.plist; sourceTree = "<group>"; };
		FF339F7021885E28000255BF /* CassiniTests.xctest */ = {isa = PBXFileReference; explicitFileType = wrapper.cfbundle; includeInIndex = 0; path = CassiniTests.xctest; sourceTree = BUILT_PRODUCTS_DIR; };
		FF339F7421885E28000255BF /* CassiniTests.swift */ = {isa = PBXFileReference; lastKnownFileType = sourcecode.swift; path = CassiniTests.swift; sourceTree = "<group>"; };
		FF339F7621885E28000255BF /* Info.plist */ = {isa = PBXFileReference; lastKnownFileType = text.plist.xml; path = Info.plist; sourceTree = "<group>"; };
		FF339F7B21885E28000255BF /* CassiniUITests.xctest */ = {isa = PBXFileReference; explicitFileType = wrapper.cfbundle; includeInIndex = 0; path = CassiniUITests.xctest; sourceTree = BUILT_PRODUCTS_DIR; };
		FF339F7F21885E28000255BF /* CassiniUITests.swift */ = {isa = PBXFileReference; lastKnownFileType = sourcecode.swift; path = CassiniUITests.swift; sourceTree = "<group>"; };
		FF339F8121885E28000255BF /* Info.plist */ = {isa = PBXFileReference; lastKnownFileType = text.plist.xml; path = Info.plist; sourceTree = "<group>"; };
		FFC2FD2921885F11006785C7 /* ImageViewController.swift */ = {isa = PBXFileReference; lastKnownFileType = sourcecode.swift; path = ImageViewController.swift; sourceTree = "<group>"; };
		FFC2FD2B21886265006785C7 /* DemoURL.swift */ = {isa = PBXFileReference; lastKnownFileType = sourcecode.swift; path = DemoURL.swift; sourceTree = "<group>"; };
/* End PBXFileReference section */

/* Begin PBXFrameworksBuildPhase section */
		FF339F5921885E26000255BF /* Frameworks */ = {
			isa = PBXFrameworksBuildPhase;
			buildActionMask = 2147483647;
			files = (
			);
			runOnlyForDeploymentPostprocessing = 0;
		};
		FF339F6D21885E28000255BF /* Frameworks */ = {
			isa = PBXFrameworksBuildPhase;
			buildActionMask = 2147483647;
			files = (
			);
			runOnlyForDeploymentPostprocessing = 0;
		};
		FF339F7821885E28000255BF /* Frameworks */ = {
			isa = PBXFrameworksBuildPhase;
			buildActionMask = 2147483647;
			files = (
			);
			runOnlyForDeploymentPostprocessing = 0;
		};
/* End PBXFrameworksBuildPhase section */

/* Begin PBXGroup section */
		FF339F5321885E25000255BF = {
			isa = PBXGroup;
			children = (
				FF339F5E21885E26000255BF /* Cassini */,
				FF339F7321885E28000255BF /* CassiniTests */,
				FF339F7E21885E28000255BF /* CassiniUITests */,
				FF339F5D21885E26000255BF /* Products */,
			);
			sourceTree = "<group>";
		};
		FF339F5D21885E26000255BF /* Products */ = {
			isa = PBXGroup;
			children = (
				FF339F5C21885E26000255BF /* Cassini.app */,
				FF339F7021885E28000255BF /* CassiniTests.xctest */,
				FF339F7B21885E28000255BF /* CassiniUITests.xctest */,
			);
			name = Products;
			sourceTree = "<group>";
		};
		FF339F5E21885E26000255BF /* Cassini */ = {
			isa = PBXGroup;
			children = (
				FFC2FD2921885F11006785C7 /* ImageViewController.swift */,
				FFC2FD2B21886265006785C7 /* DemoURL.swift */,
				FF339F6321885E26000255BF /* Main.storyboard */,
				FF339F6B21885E28000255BF /* Info.plist */,
				FF339F8D21885E4E000255BF /* Supporting Files */,
			);
			path = Cassini;
			sourceTree = "<group>";
		};
		FF339F7321885E28000255BF /* CassiniTests */ = {
			isa = PBXGroup;
			children = (
				FF339F7421885E28000255BF /* CassiniTests.swift */,
				FF339F7621885E28000255BF /* Info.plist */,
			);
			path = CassiniTests;
			sourceTree = "<group>";
		};
		FF339F7E21885E28000255BF /* CassiniUITests */ = {
			isa = PBXGroup;
			children = (
				FF339F7F21885E28000255BF /* CassiniUITests.swift */,
				FF339F8121885E28000255BF /* Info.plist */,
			);
			path = CassiniUITests;
			sourceTree = "<group>";
		};
		FF339F8D21885E4E000255BF /* Supporting Files */ = {
			isa = PBXGroup;
			children = (
				FF339F6821885E28000255BF /* LaunchScreen.storyboard */,
				FF339F6621885E28000255BF /* Assets.xcassets */,
				FF339F5F21885E26000255BF /* AppDelegate.swift */,
			);
			path = "Supporting Files";
			sourceTree = "<group>";
		};
/* End PBXGroup section */

/* Begin PBXNativeTarget section */
		FF339F5B21885E26000255BF /* Cassini */ = {
			isa = PBXNativeTarget;
			buildConfigurationList = FF339F8421885E29000255BF /* Build configuration list for PBXNativeTarget "Cassini" */;
			buildPhases = (
				FF339F5821885E26000255BF /* Sources */,
				FF339F5921885E26000255BF /* Frameworks */,
				FF339F5A21885E26000255BF /* Resources */,
			);
			buildRules = (
			);
			dependencies = (
			);
			name = Cassini;
			productName = Cassini;
			productReference = FF339F5C21885E26000255BF /* Cassini.app */;
			productType = "com.apple.product-type.application";
		};
		FF339F6F21885E28000255BF /* CassiniTests */ = {
			isa = PBXNativeTarget;
			buildConfigurationList = FF339F8721885E29000255BF /* Build configuration list for PBXNativeTarget "CassiniTests" */;
			buildPhases = (
				FF339F6C21885E28000255BF /* Sources */,
				FF339F6D21885E28000255BF /* Frameworks */,
				FF339F6E21885E28000255BF /* Resources */,
			);
			buildRules = (
			);
			dependencies = (
				FF339F7221885E28000255BF /* PBXTargetDependency */,
			);
			name = CassiniTests;
			productName = CassiniTests;
			productReference = FF339F7021885E28000255BF /* CassiniTests.xctest */;
			productType = "com.apple.product-type.bundle.unit-test";
		};
		FF339F7A21885E28000255BF /* CassiniUITests */ = {
			isa = PBXNativeTarget;
			buildConfigurationList = FF339F8A21885E29000255BF /* Build configuration list for PBXNativeTarget "CassiniUITests" */;
			buildPhases = (
				FF339F7721885E28000255BF /* Sources */,
				FF339F7821885E28000255BF /* Frameworks */,
				FF339F7921885E28000255BF /* Resources */,
			);
			buildRules = (
			);
			dependencies = (
				FF339F7D21885E28000255BF /* PBXTargetDependency */,
			);
			name = CassiniUITests;
			productName = CassiniUITests;
			productReference = FF339F7B21885E28000255BF /* CassiniUITests.xctest */;
			productType = "com.apple.product-type.bundle.ui-testing";
		};
/* End PBXNativeTarget section */

/* Begin PBXProject section */
		FF339F5421885E26000255BF /* Project object */ = {
			isa = PBXProject;
			attributes = {
				LastSwiftUpdateCheck = 1000;
				LastUpgradeCheck = 1000;
				ORGANIZATIONNAME = "Denver Stove";
				TargetAttributes = {
					FF339F5B21885E26000255BF = {
						CreatedOnToolsVersion = 10.0;
					};
					FF339F6F21885E28000255BF = {
						CreatedOnToolsVersion = 10.0;
						TestTargetID = FF339F5B21885E26000255BF;
					};
					FF339F7A21885E28000255BF = {
						CreatedOnToolsVersion = 10.0;
						TestTargetID = FF339F5B21885E26000255BF;
					};
				};
			};
			buildConfigurationList = FF339F5721885E26000255BF /* Build configuration list for PBXProject "Cassini" */;
			compatibilityVersion = "Xcode 9.3";
			developmentRegion = en;
			hasScannedForEncodings = 0;
			knownRegions = (
				en,
				Base,
			);
			mainGroup = FF339F5321885E25000255BF;
			productRefGroup = FF339F5D21885E26000255BF /* Products */;
			projectDirPath = "";
			projectRoot = "";
			targets = (
				FF339F5B21885E26000255BF /* Cassini */,
				FF339F6F21885E28000255BF /* CassiniTests */,
				FF339F7A21885E28000255BF /* CassiniUITests */,
			);
		};
/* End PBXProject section */

/* Begin PBXResourcesBuildPhase section */
		FF339F5A21885E26000255BF /* Resources */ = {
			isa = PBXResourcesBuildPhase;
			buildActionMask = 2147483647;
			files = (
				FF339F6A21885E28000255BF /* LaunchScreen.storyboard in Resources */,
				FF339F6721885E28000255BF /* Assets.xcassets in Resources */,
				FF339F6521885E26000255BF /* Main.storyboard in Resources */,
			);
			runOnlyForDeploymentPostprocessing = 0;
		};
		FF339F6E21885E28000255BF /* Resources */ = {
			isa = PBXResourcesBuildPhase;
			buildActionMask = 2147483647;
			files = (
			);
			runOnlyForDeploymentPostprocessing = 0;
		};
		FF339F7921885E28000255BF /* Resources */ = {
			isa = PBXResourcesBuildPhase;
			buildActionMask = 2147483647;
			files = (
			);
			runOnlyForDeploymentPostprocessing = 0;
		};
/* End PBXResourcesBuildPhase section */

/* Begin PBXSourcesBuildPhase section */
		FF339F5821885E26000255BF /* Sources */ = {
			isa = PBXSourcesBuildPhase;
			buildActionMask = 2147483647;
			files = (
				FFC2FD2A21885F11006785C7 /* ImageViewController.swift in Sources */,
				FF339F6021885E26000255BF /* AppDelegate.swift in Sources */,
				FFC2FD2C21886265006785C7 /* DemoURL.swift in Sources */,
			);
			runOnlyForDeploymentPostprocessing = 0;
		};
		FF339F6C21885E28000255BF /* Sources */ = {
			isa = PBXSourcesBuildPhase;
			buildActionMask = 2147483647;
			files = (
				FF339F7521885E28000255BF /* CassiniTests.swift in Sources */,
			);
			runOnlyForDeploymentPostprocessing = 0;
		};
		FF339F7721885E28000255BF /* Sources */ = {
			isa = PBXSourcesBuildPhase;
			buildActionMask = 2147483647;
			files = (
				FF339F8021885E28000255BF /* CassiniUITests.swift in Sources */,
			);
			runOnlyForDeploymentPostprocessing = 0;
		};
/* End PBXSourcesBuildPhase section */

/* Begin PBXTargetDependency section */
		FF339F7221885E28000255BF /* PBXTargetDependency */ = {
			isa = PBXTargetDependency;
			target = FF339F5B21885E26000255BF /* Cassini */;
			targetProxy = FF339F7121885E28000255BF /* PBXContainerItemProxy */;
		};
		FF339F7D21885E28000255BF /* PBXTargetDependency */ = {
			isa = PBXTargetDependency;
			target = FF339F5B21885E26000255BF /* Cassini */;
			targetProxy = FF339F7C21885E28000255BF /* PBXContainerItemProxy */;
		};
/* End PBXTargetDependency section */

/* Begin PBXVariantGroup section */
		FF339F6321885E26000255BF /* Main.storyboard */ = {
			isa = PBXVariantGroup;
			children = (
				FF339F6421885E26000255BF /* Base */,
			);
			name = Main.storyboard;
			sourceTree = "<group>";
		};
		FF339F6821885E28000255BF /* LaunchScreen.storyboard */ = {
			isa = PBXVariantGroup;
			children = (
				FF339F6921885E28000255BF /* Base */,
			);
			name = LaunchScreen.storyboard;
			sourceTree = "<group>";
		};
/* End PBXVariantGroup section */

/* Begin XCBuildConfiguration section */
		FF339F8221885E29000255BF /* Debug */ = {
			isa = XCBuildConfiguration;
			buildSettings = {
				ALWAYS_SEARCH_USER_PATHS = NO;
				CLANG_ANALYZER_NONNULL = YES;
				CLANG_ANALYZER_NUMBER_OBJECT_CONVERSION = YES_AGGRESSIVE;
				CLANG_CXX_LANGUAGE_STANDARD = "gnu++14";
				CLANG_CXX_LIBRARY = "libc++";
				CLANG_ENABLE_MODULES = YES;
				CLANG_ENABLE_OBJC_ARC = YES;
				CLANG_ENABLE_OBJC_WEAK = YES;
				CLANG_WARN_BLOCK_CAPTURE_AUTORELEASING = YES;
				CLANG_WARN_BOOL_CONVERSION = YES;
				CLANG_WARN_COMMA = YES;
				CLANG_WARN_CONSTANT_CONVERSION = YES;
				CLANG_WARN_DEPRECATED_OBJC_IMPLEMENTATIONS = YES;
				CLANG_WARN_DIRECT_OBJC_ISA_USAGE = YES_ERROR;
				CLANG_WARN_DOCUMENTATION_COMMENTS = YES;
				CLANG_WARN_EMPTY_BODY = YES;
				CLANG_WARN_ENUM_CONVERSION = YES;
				CLANG_WARN_INFINITE_RECURSION = YES;
				CLANG_WARN_INT_CONVERSION = YES;
				CLANG_WARN_NON_LITERAL_NULL_CONVERSION = YES;
				CLANG_WARN_OBJC_IMPLICIT_RETAIN_SELF = YES;
				CLANG_WARN_OBJC_LITERAL_CONVERSION = YES;
				CLANG_WARN_OBJC_ROOT_CLASS = YES_ERROR;
				CLANG_WARN_RANGE_LOOP_ANALYSIS = YES;
				CLANG_WARN_STRICT_PROTOTYPES = YES;
				CLANG_WARN_SUSPICIOUS_MOVE = YES;
				CLANG_WARN_UNGUARDED_AVAILABILITY = YES_AGGRESSIVE;
				CLANG_WARN_UNREACHABLE_CODE = YES;
				CLANG_WARN__DUPLICATE_METHOD_MATCH = YES;
				CODE_SIGN_IDENTITY = "iPhone Developer";
				COPY_PHASE_STRIP = NO;
				DEBUG_INFORMATION_FORMAT = dwarf;
				ENABLE_STRICT_OBJC_MSGSEND = YES;
				ENABLE_TESTABILITY = YES;
				GCC_C_LANGUAGE_STANDARD = gnu11;
				GCC_DYNAMIC_NO_PIC = NO;
				GCC_NO_COMMON_BLOCKS = YES;
				GCC_OPTIMIZATION_LEVEL = 0;
				GCC_PREPROCESSOR_DEFINITIONS = (
					"DEBUG=1",
					"$(inherited)",
				);
				GCC_WARN_64_TO_32_BIT_CONVERSION = YES;
				GCC_WARN_ABOUT_RETURN_TYPE = YES_ERROR;
				GCC_WARN_UNDECLARED_SELECTOR = YES;
				GCC_WARN_UNINITIALIZED_AUTOS = YES_AGGRESSIVE;
				GCC_WARN_UNUSED_FUNCTION = YES;
				GCC_WARN_UNUSED_VARIABLE = YES;
				IPHONEOS_DEPLOYMENT_TARGET = 12.0;
				MTL_ENABLE_DEBUG_INFO = INCLUDE_SOURCE;
				MTL_FAST_MATH = YES;
				ONLY_ACTIVE_ARCH = YES;
				SDKROOT = iphoneos;
				SWIFT_ACTIVE_COMPILATION_CONDITIONS = DEBUG;
				SWIFT_OPTIMIZATION_LEVEL = "-Onone";
			};
			name = Debug;
		};
		FF339F8321885E29000255BF /* Release */ = {
			isa = XCBuildConfiguration;
			buildSettings = {
				ALWAYS_SEARCH_USER_PATHS = NO;
				CLANG_ANALYZER_NONNULL = YES;
				CLANG_ANALYZER_NUMBER_OBJECT_CONVERSION = YES_AGGRESSIVE;
				CLANG_CXX_LANGUAGE_STANDARD = "gnu++14";
				CLANG_CXX_LIBRARY = "libc++";
				CLANG_ENABLE_MODULES = YES;
				CLANG_ENABLE_OBJC_ARC = YES;
				CLANG_ENABLE_OBJC_WEAK = YES;
				CLANG_WARN_BLOCK_CAPTURE_AUTORELEASING = YES;
				CLANG_WARN_BOOL_CONVERSION = YES;
				CLANG_WARN_COMMA = YES;
				CLANG_WARN_CONSTANT_CONVERSION = YES;
				CLANG_WARN_DEPRECATED_OBJC_IMPLEMENTATIONS = YES;
				CLANG_WARN_DIRECT_OBJC_ISA_USAGE = YES_ERROR;
				CLANG_WARN_DOCUMENTATION_COMMENTS = YES;
				CLANG_WARN_EMPTY_BODY = YES;
				CLANG_WARN_ENUM_CONVERSION = YES;
				CLANG_WARN_INFINITE_RECURSION = YES;
				CLANG_WARN_INT_CONVERSION = YES;
				CLANG_WARN_NON_LITERAL_NULL_CONVERSION = YES;
				CLANG_WARN_OBJC_IMPLICIT_RETAIN_SELF = YES;
				CLANG_WARN_OBJC_LITERAL_CONVERSION = YES;
				CLANG_WARN_OBJC_ROOT_CLASS = YES_ERROR;
				CLANG_WARN_RANGE_LOOP_ANALYSIS = YES;
				CLANG_WARN_STRICT_PROTOTYPES = YES;
				CLANG_WARN_SUSPICIOUS_MOVE = YES;
				CLANG_WARN_UNGUARDED_AVAILABILITY = YES_AGGRESSIVE;
				CLANG_WARN_UNREACHABLE_CODE = YES;
				CLANG_WARN__DUPLICATE_METHOD_MATCH = YES;
				CODE_SIGN_IDENTITY = "iPhone Developer";
				COPY_PHASE_STRIP = NO;
				DEBUG_INFORMATION_FORMAT = "dwarf-with-dsym";
				ENABLE_NS_ASSERTIONS = NO;
				ENABLE_STRICT_OBJC_MSGSEND = YES;
				GCC_C_LANGUAGE_STANDARD = gnu11;
				GCC_NO_COMMON_BLOCKS = YES;
				GCC_WARN_64_TO_32_BIT_CONVERSION = YES;
				GCC_WARN_ABOUT_RETURN_TYPE = YES_ERROR;
				GCC_WARN_UNDECLARED_SELECTOR = YES;
				GCC_WARN_UNINITIALIZED_AUTOS = YES_AGGRESSIVE;
				GCC_WARN_UNUSED_FUNCTION = YES;
				GCC_WARN_UNUSED_VARIABLE = YES;
				IPHONEOS_DEPLOYMENT_TARGET = 12.0;
				MTL_ENABLE_DEBUG_INFO = NO;
				MTL_FAST_MATH = YES;
				SDKROOT = iphoneos;
				SWIFT_COMPILATION_MODE = wholemodule;
				SWIFT_OPTIMIZATION_LEVEL = "-O";
				VALIDATE_PRODUCT = YES;
			};
			name = Release;
		};
		FF339F8521885E29000255BF /* Debug */ = {
			isa = XCBuildConfiguration;
			buildSettings = {
				ASSETCATALOG_COMPILER_APPICON_NAME = AppIcon;
				CODE_SIGN_STYLE = Automatic;
				DEVELOPMENT_TEAM = 7825C7P6ZZ;
				INFOPLIST_FILE = Cassini/Info.plist;
				LD_RUNPATH_SEARCH_PATHS = (
					"$(inherited)",
					"@executable_path/Frameworks",
				);
				PRODUCT_BUNDLE_IDENTIFIER = DenverTStove.Cassini;
				PRODUCT_NAME = "$(TARGET_NAME)";
				SWIFT_VERSION = 4.2;
				TARGETED_DEVICE_FAMILY = "1,2";
			};
			name = Debug;
		};
		FF339F8621885E29000255BF /* Release */ = {
			isa = XCBuildConfiguration;
			buildSettings = {
				ASSETCATALOG_COMPILER_APPICON_NAME = AppIcon;
				CODE_SIGN_STYLE = Automatic;
				DEVELOPMENT_TEAM = 7825C7P6ZZ;
				INFOPLIST_FILE = Cassini/Info.plist;
				LD_RUNPATH_SEARCH_PATHS = (
					"$(inherited)",
					"@executable_path/Frameworks",
				);
				PRODUCT_BUNDLE_IDENTIFIER = DenverTStove.Cassini;
				PRODUCT_NAME = "$(TARGET_NAME)";
				SWIFT_VERSION = 4.2;
				TARGETED_DEVICE_FAMILY = "1,2";
			};
			name = Release;
		};
		FF339F8821885E29000255BF /* Debug */ = {
			isa = XCBuildConfiguration;
			buildSettings = {
				ALWAYS_EMBED_SWIFT_STANDARD_LIBRARIES = YES;
				BUNDLE_LOADER = "$(TEST_HOST)";
				CODE_SIGN_STYLE = Automatic;
				DEVELOPMENT_TEAM = 7825C7P6ZZ;
				INFOPLIST_FILE = CassiniTests/Info.plist;
				LD_RUNPATH_SEARCH_PATHS = (
					"$(inherited)",
					"@executable_path/Frameworks",
					"@loader_path/Frameworks",
				);
				PRODUCT_BUNDLE_IDENTIFIER = DenverTStove.CassiniTests;
				PRODUCT_NAME = "$(TARGET_NAME)";
				SWIFT_VERSION = 4.2;
				TARGETED_DEVICE_FAMILY = "1,2";
				TEST_HOST = "$(BUILT_PRODUCTS_DIR)/Cassini.app/Cassini";
			};
			name = Debug;
		};
		FF339F8921885E29000255BF /* Release */ = {
			isa = XCBuildConfiguration;
			buildSettings = {
				ALWAYS_EMBED_SWIFT_STANDARD_LIBRARIES = YES;
				BUNDLE_LOADER = "$(TEST_HOST)";
				CODE_SIGN_STYLE = Automatic;
				DEVELOPMENT_TEAM = 7825C7P6ZZ;
				INFOPLIST_FILE = CassiniTests/Info.plist;
				LD_RUNPATH_SEARCH_PATHS = (
					"$(inherited)",
					"@executable_path/Frameworks",
					"@loader_path/Frameworks",
				);
				PRODUCT_BUNDLE_IDENTIFIER = DenverTStove.CassiniTests;
				PRODUCT_NAME = "$(TARGET_NAME)";
				SWIFT_VERSION = 4.2;
				TARGETED_DEVICE_FAMILY = "1,2";
				TEST_HOST = "$(BUILT_PRODUCTS_DIR)/Cassini.app/Cassini";
			};
			name = Release;
		};
		FF339F8B21885E29000255BF /* Debug */ = {
			isa = XCBuildConfiguration;
			buildSettings = {
				ALWAYS_EMBED_SWIFT_STANDARD_LIBRARIES = YES;
				CODE_SIGN_STYLE = Automatic;
				DEVELOPMENT_TEAM = 7825C7P6ZZ;
				INFOPLIST_FILE = CassiniUITests/Info.plist;
				LD_RUNPATH_SEARCH_PATHS = (
					"$(inherited)",
					"@executable_path/Frameworks",
					"@loader_path/Frameworks",
				);
				PRODUCT_BUNDLE_IDENTIFIER = DenverTStove.CassiniUITests;
				PRODUCT_NAME = "$(TARGET_NAME)";
				SWIFT_VERSION = 4.2;
				TARGETED_DEVICE_FAMILY = "1,2";
				TEST_TARGET_NAME = Cassini;
			};
			name = Debug;
		};
		FF339F8C21885E29000255BF /* Release */ = {
			isa = XCBuildConfiguration;
			buildSettings = {
				ALWAYS_EMBED_SWIFT_STANDARD_LIBRARIES = YES;
				CODE_SIGN_STYLE = Automatic;
				DEVELOPMENT_TEAM = 7825C7P6ZZ;
				INFOPLIST_FILE = CassiniUITests/Info.plist;
				LD_RUNPATH_SEARCH_PATHS = (
					"$(inherited)",
					"@executable_path/Frameworks",
					"@loader_path/Frameworks",
				);
				PRODUCT_BUNDLE_IDENTIFIER = DenverTStove.CassiniUITests;
				PRODUCT_NAME = "$(TARGET_NAME)";
				SWIFT_VERSION = 4.2;
				TARGETED_DEVICE_FAMILY = "1,2";
				TEST_TARGET_NAME = Cassini;
			};
			name = Release;
		};
/* End XCBuildConfiguration section */

/* Begin XCConfigurationList section */
		FF339F5721885E26000255BF /* Build configuration list for PBXProject "Cassini" */ = {
			isa = XCConfigurationList;
			buildConfigurations = (
				FF339F8221885E29000255BF /* Debug */,
				FF339F8321885E29000255BF /* Release */,
			);
			defaultConfigurationIsVisible = 0;
			defaultConfigurationName = Release;
		};
		FF339F8421885E29000255BF /* Build configuration list for PBXNativeTarget "Cassini" */ = {
			isa = XCConfigurationList;
			buildConfigurations = (
				FF339F8521885E29000255BF /* Debug */,
				FF339F8621885E29000255BF /* Release */,
			);
			defaultConfigurationIsVisible = 0;
			defaultConfigurationName = Release;
		};
		FF339F8721885E29000255BF /* Build configuration list for PBXNativeTarget "CassiniTests" */ = {
			isa = XCConfigurationList;
			buildConfigurations = (
				FF339F8821885E29000255BF /* Debug */,
				FF339F8921885E29000255BF /* Release */,
			);
			defaultConfigurationIsVisible = 0;
			defaultConfigurationName = Release;
		};
		FF339F8A21885E29000255BF /* Build configuration list for PBXNativeTarget "CassiniUITests" */ = {
			isa = XCConfigurationList;
			buildConfigurations = (
				FF339F8B21885E29000255BF /* Debug */,
				FF339F8C21885E29000255BF /* Release */,
			);
			defaultConfigurationIsVisible = 0;
			defaultConfigurationName = Release;
		};
/* End XCConfigurationList section */
	};
	rootObject = FF339F5421885E26000255BF /* Project object */;
}
